
Microsoft Visual Studio Solution File, Format Version 12.00
# Visual Studio Version 17
VisualStudioVersion = 17.1.32421.90
MinimumVisualStudioVersion = 10.0.40219.1
Project("{9A19103F-16F7-4668-BE54-9A1E7A4F7556}") = "API", "API\API.csproj", "{0A4C084B-8E7D-4485-8DA1-40EEEE7AF674}"
	ProjectSection(ProjectDependencies) = postProject
		{32A226E5-98B6-47B6-94E6-8E4B28277F45} = {32A226E5-98B6-47B6-94E6-8E4B28277F45}
	EndProjectSection
EndProject
Project("{E24C65DC-7377-472B-9ABA-BC803B73C61A}") = "client", "client\", "{7A721B40-D3A6-4AFD-B736-ED041B1EE9C1}"
	ProjectSection(WebsiteProperties) = preProject
		TargetFrameworkMoniker = ".NETFramework,Version%3Dv4.0"
		Debug.AspNetCompiler.VirtualPath = "/localhost_63877"
		Debug.AspNetCompiler.PhysicalPath = "client\"
		Debug.AspNetCompiler.TargetPath = "PrecompiledWeb\localhost_63877\"
		Debug.AspNetCompiler.Updateable = "true"
		Debug.AspNetCompiler.ForceOverwrite = "true"
		Debug.AspNetCompiler.FixedNames = "false"
		Debug.AspNetCompiler.Debug = "True"
		Release.AspNetCompiler.VirtualPath = "/localhost_63877"
		Release.AspNetCompiler.PhysicalPath = "client\"
		Release.AspNetCompiler.TargetPath = "PrecompiledWeb\localhost_63877\"
		Release.AspNetCompiler.Updateable = "true"
		Release.AspNetCompiler.ForceOverwrite = "true"
		Release.AspNetCompiler.FixedNames = "false"
		Release.AspNetCompiler.Debug = "False"
		VWDPort = "63877"
		SlnRelativePath = "client\"
	EndProjectSection
EndProject
Project("{9A19103F-16F7-4668-BE54-9A1E7A4F7556}") = "DataAccess", "Classlibrery\DataAccess.csproj", "{32A226E5-98B6-47B6-94E6-8E4B28277F45}"
EndProject
Global
	GlobalSection(SolutionConfigurationPlatforms) = preSolution
		Debug|Any CPU = Debug|Any CPU
		Release|Any CPU = Release|Any CPU
	EndGlobalSection
	GlobalSection(ProjectConfigurationPlatforms) = postSolution
		{0A4C084B-8E7D-4485-8DA1-40EEEE7AF674}.Debug|Any CPU.ActiveCfg = Debug|Any CPU
		{0A4C084B-8E7D-4485-8DA1-40EEEE7AF674}.Debug|Any CPU.Build.0 = Debug|Any CPU
		{0A4C084B-8E7D-4485-8DA1-40EEEE7AF674}.Release|Any CPU.ActiveCfg = Release|Any CPU
		{0A4C084B-8E7D-4485-8DA1-40EEEE7AF674}.Release|Any CPU.Build.0 = Release|Any CPU
		{7A721B40-D3A6-4AFD-B736-ED041B1EE9C1}.Debug|Any CPU.ActiveCfg = Debug|Any CPU
		{7A721B40-D3A6-4AFD-B736-ED041B1EE9C1}.Debug|Any CPU.Build.0 = Debug|Any CPU
		{7A721B40-D3A6-4AFD-B736-ED041B1EE9C1}.Release|Any CPU.ActiveCfg = Debug|Any CPU
		{7A721B40-D3A6-4AFD-B736-ED041B1EE9C1}.Release|Any CPU.Build.0 = Debug|Any CPU
		{32A226E5-98B6-47B6-94E6-8E4B28277F45}.Debug|Any CPU.ActiveCfg = Debug|Any CPU
		{32A226E5-98B6-47B6-94E6-8E4B28277F45}.Debug|Any CPU.Build.0 = Debug|Any CPU
		{32A226E5-98B6-47B6-94E6-8E4B28277F45}.Release|Any CPU.ActiveCfg = Release|Any CPU
		{32A226E5-98B6-47B6-94E6-8E4B28277F45}.Release|Any CPU.Build.0 = Release|Any CPU
	EndGlobalSection
	GlobalSection(SolutionProperties) = preSolution
		HideSolutionNode = FALSE
	EndGlobalSection
	GlobalSection(ExtensibilityGlobals) = postSolution
		SolutionGuid = {C078644A-83D6-41CA-BBAC-211E554D3EDC}
	EndGlobalSection
EndGlobal
